
Microsoft Visual Studio Solution File, Format Version 12.00
# Visual Studio Version 17
VisualStudioVersion = 17.14.36203.30
MinimumVisualStudioVersion = 10.0.40219.1
Project("{FAE04EC0-301F-11D3-BF4B-00C04F79EFBC}") = "SampleGraphQLCRUD.API", "SampleGraphQLCRUD.API\SampleGraphQLCRUD.API.csproj", "{BDC9C94E-1B27-4BB8-84D0-F9D009944C3E}"
EndProject
Project("{FAE04EC0-301F-11D3-BF4B-00C04F79EFBC}") = "SampleGraphQLCRUD.Tests", "SampleGraphQLCRUD.Tests\SampleGraphQLCRUD.Tests.csproj", "{4BBA182C-0538-4C22-8B02-5A3465495CED}"
EndProject
Global
	GlobalSection(SolutionConfigurationPlatforms) = preSolution
		Debug|Any CPU = Debug|Any CPU
		Release|Any CPU = Release|Any CPU
	EndGlobalSection
	GlobalSection(ProjectConfigurationPlatforms) = postSolution
		{BDC9C94E-1B27-4BB8-84D0-F9D009944C3E}.Debug|Any CPU.ActiveCfg = Debug|Any CPU
		{BDC9C94E-1B27-4BB8-84D0-F9D009944C3E}.Debug|Any CPU.Build.0 = Debug|Any CPU
		{BDC9C94E-1B27-4BB8-84D0-F9D009944C3E}.Release|Any CPU.ActiveCfg = Release|Any CPU
		{BDC9C94E-1B27-4BB8-84D0-F9D009944C3E}.Release|Any CPU.Build.0 = Release|Any CPU
		{4BBA182C-0538-4C22-8B02-5A3465495CED}.Debug|Any CPU.ActiveCfg = Debug|Any CPU
		{4BBA182C-0538-4C22-8B02-5A3465495CED}.Debug|Any CPU.Build.0 = Debug|Any CPU
		{4BBA182C-0538-4C22-8B02-5A3465495CED}.Release|Any CPU.ActiveCfg = Release|Any CPU
		{4BBA182C-0538-4C22-8B02-5A3465495CED}.Release|Any CPU.Build.0 = Release|Any CPU
	EndGlobalSection
	GlobalSection(SolutionProperties) = preSolution
		HideSolutionNode = FALSE
	EndGlobalSection
	GlobalSection(ExtensibilityGlobals) = postSolution
		SolutionGuid = {F6856782-9CF5-4535-BD6F-D1B247851626}
	EndGlobalSection
EndGlobal
